
Microsoft Visual Studio Solution File, Format Version 12.00
# Visual Studio Version 16
VisualStudioVersion = 16.0.28407.52
MinimumVisualStudioVersion = 10.0.40219.1
Project("{9A19103F-16F7-4668-BE54-9A1E7A4F7556}") = "TheGreatLibrary", "TheGreatLibrary\TheGreatLibrary.csproj", "{79DA13C4-AC20-4136-BFE1-CFE6662FB377}"
EndProject
Project("{FAE04EC0-301F-11D3-BF4B-00C04F79EFBC}") = "TheGreatLibraryController", "TheGreatLibraryController\TheGreatLibraryController.csproj", "{435C3DBE-AD86-40D4-B136-C2012A78F42F}"
EndProject
Project("{FAE04EC0-301F-11D3-BF4B-00C04F79EFBC}") = "TheGreatLibraryTests", "TheGreatLibraryTests\TheGreatLibraryTests.csproj", "{155EB07D-4A20-45A4-9BCE-3E6DD8E62BBD}"
EndProject
Global
	GlobalSection(SolutionConfigurationPlatforms) = preSolution
		Debug|Any CPU = Debug|Any CPU
		Release|Any CPU = Release|Any CPU
	EndGlobalSection
	GlobalSection(ProjectConfigurationPlatforms) = postSolution
		{79DA13C4-AC20-4136-BFE1-CFE6662FB377}.Debug|Any CPU.ActiveCfg = Debug|Any CPU
		{79DA13C4-AC20-4136-BFE1-CFE6662FB377}.Debug|Any CPU.Build.0 = Debug|Any CPU
		{79DA13C4-AC20-4136-BFE1-CFE6662FB377}.Release|Any CPU.ActiveCfg = Release|Any CPU
		{79DA13C4-AC20-4136-BFE1-CFE6662FB377}.Release|Any CPU.Build.0 = Release|Any CPU
		{435C3DBE-AD86-40D4-B136-C2012A78F42F}.Debug|Any CPU.ActiveCfg = Debug|Any CPU
		{435C3DBE-AD86-40D4-B136-C2012A78F42F}.Debug|Any CPU.Build.0 = Debug|Any CPU
		{435C3DBE-AD86-40D4-B136-C2012A78F42F}.Release|Any CPU.ActiveCfg = Release|Any CPU
		{435C3DBE-AD86-40D4-B136-C2012A78F42F}.Release|Any CPU.Build.0 = Release|Any CPU
		{155EB07D-4A20-45A4-9BCE-3E6DD8E62BBD}.Debug|Any CPU.ActiveCfg = Debug|Any CPU
		{155EB07D-4A20-45A4-9BCE-3E6DD8E62BBD}.Debug|Any CPU.Build.0 = Debug|Any CPU
		{155EB07D-4A20-45A4-9BCE-3E6DD8E62BBD}.Release|Any CPU.ActiveCfg = Release|Any CPU
		{155EB07D-4A20-45A4-9BCE-3E6DD8E62BBD}.Release|Any CPU.Build.0 = Release|Any CPU
	EndGlobalSection
	GlobalSection(SolutionProperties) = preSolution
		HideSolutionNode = FALSE
	EndGlobalSection
	GlobalSection(ExtensibilityGlobals) = postSolution
		SolutionGuid = {59840E59-FFDF-4DB8-AA3D-E0EE23B09586}
	EndGlobalSection
EndGlobal
